// !$*UTF8*$!
{
	archiveVersion = 1;
	classes = {
	};
	objectVersion = 46;
	objects = {

/* Begin PBXBuildFile section */
		5B5B09551FB1BD1D006B6DFE /* CoreMIDI.framework in Frameworks */ = {isa = PBXBuildFile; fileRef = 5B5B09541FB1BD10006B6DFE /* CoreMIDI.framework */; };
		863A3C7E040BE107841BCE17 /* main.cpp in Sources */ = {isa = PBXBuildFile; fileRef = 863A33E5FB6D608946A6BDF5 /* main.cpp */; };
/* End PBXBuildFile section */

/* Begin PBXCopyFilesBuildPhase section */
		863A32E6233593D361DDC588 /* CopyFiles */ = {
			isa = PBXCopyFilesBuildPhase;
			buildActionMask = 2147483647;
			dstPath = /usr/share/man/man1/;
			dstSubfolderSpec = 0;
			files = (
			);
			runOnlyForDeploymentPostprocessing = 1;
		};
/* End PBXCopyFilesBuildPhase section */

/* Begin PBXFileReference section */
		5B5B09541FB1BD10006B6DFE /* CoreMIDI.framework */ = {isa = PBXFileReference; lastKnownFileType = wrapper.framework; name = CoreMIDI.framework; path = System/Library/Frameworks/CoreMIDI.framework; sourceTree = SDKROOT; };
		863A3221D280C798681D598E /* CoreMIDIWrapperDef.h */ = {isa = PBXFileReference; fileEncoding = 4; lastKnownFileType = sourcecode.c.h; name = CoreMIDIWrapperDef.h; path = ../../../ArchitectureSpecific/MacOSX/CoreMIDIWrapperDef.h; sourceTree = "<group>"; };
		863A33E5FB6D608946A6BDF5 /* main.cpp */ = {isa = PBXFileReference; explicitFileType = sourcecode.cpp.objcpp; path = main.cpp; sourceTree = "<group>"; };
		863A357E71DEDCB17412DAF9 /* ArchitectureSpecific.h */ = {isa = PBXFileReference; fileEncoding = 4; lastKnownFileType = sourcecode.c.h; name = ArchitectureSpecific.h; path = ../../../ArchitectureSpecific/ArchitectureSpecific.h; sourceTree = "<group>"; };
		863A362C0D899BE64CC70CB5 /* devAndDebug */ = {isa = PBXFileReference; explicitFileType = "compiled.mach-o.executable"; includeInIndex = 0; path = devAndDebug; sourceTree = BUILT_PRODUCTS_DIR; };
		863A37985FE7BAC5D7CE2A72 /* ArduinoSerialMIDIWrapperImpl.h */ = {isa = PBXFileReference; fileEncoding = 4; lastKnownFileType = sourcecode.c.h; name = ArduinoSerialMIDIWrapperImpl.h; path = ../../../ArchitectureSpecific/Arduino/ArduinoSerialMIDIWrapperImpl.h; sourceTree = "<group>"; };
		863A380E89EF50BA1897E591 /* simpleMIDI.h */ = {isa = PBXFileReference; fileEncoding = 4; lastKnownFileType = sourcecode.c.h; name = simpleMIDI.h; path = ../../../simpleMIDI.h; sourceTree = "<group>"; };
		863A3BB05799BDF2FEEFBE95 /* ArduinoSerialMIDIWrapperDef.h */ = {isa = PBXFileReference; fileEncoding = 4; lastKnownFileType = sourcecode.c.h; name = ArduinoSerialMIDIWrapperDef.h; path = ../../../ArchitectureSpecific/Arduino/ArduinoSerialMIDIWrapperDef.h; sourceTree = "<group>"; };
		863A3BE91030024BD3962819 /* CoreMIDIWrapperImpl.h */ = {isa = PBXFileReference; fileEncoding = 4; lastKnownFileType = sourcecode.c.h; name = CoreMIDIWrapperImpl.h; path = ../../../ArchitectureSpecific/MacOSX/CoreMIDIWrapperImpl.h; sourceTree = "<group>"; };
/* End PBXFileReference section */

/* Begin PBXFrameworksBuildPhase section */
		863A3A6DD0EC8F7F9279D30A /* Frameworks */ = {
			isa = PBXFrameworksBuildPhase;
			buildActionMask = 2147483647;
			files = (
				5B5B09551FB1BD1D006B6DFE /* CoreMIDI.framework in Frameworks */,
			);
			runOnlyForDeploymentPostprocessing = 0;
		};
/* End PBXFrameworksBuildPhase section */

/* Begin PBXGroup section */
		5B5B09531FB1BD0F006B6DFE /* Frameworks */ = {
			isa = PBXGroup;
			children = (
				5B5B09541FB1BD10006B6DFE /* CoreMIDI.framework */,
			);
			name = Frameworks;
			sourceTree = "<group>";
		};
		863A30AC360B794BBE85A5EF /* Products */ = {
			isa = PBXGroup;
			children = (
				863A362C0D899BE64CC70CB5 /* devAndDebug */,
			);
			name = Products;
			sourceTree = "<group>";
		};
		863A31C51CDA9809C2FB1A34 = {
			isa = PBXGroup;
			children = (
				863A30AC360B794BBE85A5EF /* Products */,
				863A3E849F7DABA858148340 /* devAndDebug */,
				5B5B09531FB1BD0F006B6DFE /* Frameworks */,
				863A37FADC2C43E3D0DB7D82 /* CoreMIDI */,
				863A357E71DEDCB17412DAF9 /* ArchitectureSpecific.h */,
				863A3A057011AC529239380B /* Arduino */,
				863A380E89EF50BA1897E591 /* simpleMIDI.h */,
			);
			sourceTree = "<group>";
		};
		863A37FADC2C43E3D0DB7D82 /* CoreMIDI */ = {
			isa = PBXGroup;
			children = (
				863A3221D280C798681D598E /* CoreMIDIWrapperDef.h */,
				863A3BE91030024BD3962819 /* CoreMIDIWrapperImpl.h */,
			);
			name = CoreMIDI;
			sourceTree = "<group>";
		};
		863A3A057011AC529239380B /* Arduino */ = {
			isa = PBXGroup;
			children = (
				863A3BB05799BDF2FEEFBE95 /* ArduinoSerialMIDIWrapperDef.h */,
				863A37985FE7BAC5D7CE2A72 /* ArduinoSerialMIDIWrapperImpl.h */,
			);
			name = Arduino;
			sourceTree = "<group>";
		};
		863A3E849F7DABA858148340 /* devAndDebug */ = {
			isa = PBXGroup;
			children = (
				863A33E5FB6D608946A6BDF5 /* main.cpp */,
			);
			path = devAndDebug;
			sourceTree = "<group>";
		};
/* End PBXGroup section */

/* Begin PBXNativeTarget section */
		863A39532DEDA1FBD8AEBDCD /* devAndDebug */ = {
			isa = PBXNativeTarget;
			buildConfigurationList = 863A391DFFCB6FD6D6E2DBA3 /* Build configuration list for PBXNativeTarget "devAndDebug" */;
			buildPhases = (
				863A346C8FFEF31BD8691B47 /* Sources */,
				863A3A6DD0EC8F7F9279D30A /* Frameworks */,
				863A32E6233593D361DDC588 /* CopyFiles */,
			);
			buildRules = (
			);
			dependencies = (
			);
			name = devAndDebug;
			productName = devAndDebug;
			productReference = 863A362C0D899BE64CC70CB5 /* devAndDebug */;
			productType = "com.apple.product-type.tool";
		};
/* End PBXNativeTarget section */

/* Begin PBXProject section */
		863A31138CA9E545E14A2860 /* Project object */ = {
			isa = PBXProject;
			attributes = {
				ORGANIZATIONNAME = "___FULLUSERNAME___";
			};
			buildConfigurationList = 863A381B38FF508F3411C5DD /* Build configuration list for PBXProject "devAndDebug" */;
			compatibilityVersion = "Xcode 3.2";
			developmentRegion = English;
			hasScannedForEncodings = 0;
			knownRegions = (
				en,
			);
			mainGroup = 863A31C51CDA9809C2FB1A34;
			productRefGroup = 863A30AC360B794BBE85A5EF /* Products */;
			projectDirPath = "";
			projectRoot = "";
			targets = (
				863A39532DEDA1FBD8AEBDCD /* devAndDebug */,
			);
		};
/* End PBXProject section */

/* Begin PBXSourcesBuildPhase section */
		863A346C8FFEF31BD8691B47 /* Sources */ = {
			isa = PBXSourcesBuildPhase;
			buildActionMask = 2147483647;
			files = (
				863A3C7E040BE107841BCE17 /* main.cpp in Sources */,
			);
			runOnlyForDeploymentPostprocessing = 0;
		};
/* End PBXSourcesBuildPhase section */

/* Begin XCBuildConfiguration section */
		863A342329CB80CB40D95EE9 /* Debug */ = {
			isa = XCBuildConfiguration;
			buildSettings = {
				PRODUCT_NAME = "$(TARGET_NAME)";
			};
			name = Debug;
		};
		863A3789DC7141413A611662 /* Debug */ = {
			isa = XCBuildConfiguration;
			buildSettings = {
				ALWAYS_SEARCH_USER_PATHS = NO;
				CLANG_ANALYZER_NONNULL = YES;
				CLANG_ANALYZER_NUMBER_OBJECT_CONVERSION = YES_AGGRESSIVE;
				CLANG_CXX_LANGUAGE_STANDARD = "gnu++14";
				CLANG_CXX_LIBRARY = "libc++";
				CLANG_ENABLE_MODULES = YES;
				CLANG_ENABLE_OBJC_ARC = YES;
				CLANG_WARN_BLOCK_CAPTURE_AUTORELEASING = YES;
				CLANG_WARN_BOOL_CONVERSION = YES;
				CLANG_WARN_COMMA = YES;
				CLANG_WARN_CONSTANT_CONVERSION = YES;
				CLANG_WARN_DIRECT_OBJC_ISA_USAGE = YES_ERROR;
				CLANG_WARN_DOCUMENTATION_COMMENTS = YES;
				CLANG_WARN_EMPTY_BODY = YES;
				CLANG_WARN_ENUM_CONVERSION = YES;
				CLANG_WARN_INFINITE_RECURSION = YES;
				CLANG_WARN_INT_CONVERSION = YES;
				CLANG_WARN_NON_LITERAL_NULL_CONVERSION = YES;
				CLANG_WARN_OBJC_LITERAL_CONVERSION = YES;
				CLANG_WARN_OBJC_ROOT_CLASS = YES_ERROR;
				CLANG_WARN_RANGE_LOOP_ANALYSIS = YES;
				CLANG_WARN_STRICT_PROTOTYPES = YES;
				CLANG_WARN_SUSPICIOUS_MOVE = YES;
				CLANG_WARN_UNGUARDED_AVAILABILITY = YES_AGGRESSIVE;
				CLANG_WARN_UNREACHABLE_CODE = YES;
				CLANG_WARN__DUPLICATE_METHOD_MATCH = YES;
				CODE_SIGN_IDENTITY = "-";
				COPY_PHASE_STRIP = NO;
				DEBUG_INFORMATION_FORMAT = dwarf;
				ENABLE_STRICT_OBJC_MSGSEND = YES;
				ENABLE_TESTABILITY = YES;
				GCC_C_LANGUAGE_STANDARD = gnu11;
				GCC_DYNAMIC_NO_PIC = NO;
				GCC_NO_COMMON_BLOCKS = YES;
				GCC_OPTIMIZATION_LEVEL = 0;
				GCC_PREPROCESSOR_DEFINITIONS = (
					"DEBUG=1",
					"$(inherited)",
				);
				GCC_WARN_64_TO_32_BIT_CONVERSION = YES;
				GCC_WARN_ABOUT_RETURN_TYPE = YES_ERROR;
				GCC_WARN_UNDECLARED_SELECTOR = YES;
				GCC_WARN_UNINITIALIZED_AUTOS = YES_AGGRESSIVE;
				GCC_WARN_UNUSED_FUNCTION = YES;
				GCC_WARN_UNUSED_VARIABLE = YES;
				MACOSX_DEPLOYMENT_TARGET = 10.13;
				MTL_ENABLE_DEBUG_INFO = YES;
				ONLY_ACTIVE_ARCH = YES;
				SDKROOT = macosx;
			};
			name = Debug;
		};
		863A3E4536F7BD8537ED01DD /* Release */ = {
			isa = XCBuildConfiguration;
			buildSettings = {
				ALWAYS_SEARCH_USER_PATHS = NO;
				CLANG_ANALYZER_NONNULL = YES;
				CLANG_ANALYZER_NUMBER_OBJECT_CONVERSION = YES_AGGRESSIVE;
				CLANG_CXX_LANGUAGE_STANDARD = "gnu++14";
				CLANG_CXX_LIBRARY = "libc++";
				CLANG_ENABLE_MODULES = YES;
				CLANG_ENABLE_OBJC_ARC = YES;
				CLANG_WARN_BLOCK_CAPTURE_AUTORELEASING = YES;
				CLANG_WARN_BOOL_CONVERSION = YES;
				CLANG_WARN_COMMA = YES;
				CLANG_WARN_CONSTANT_CONVERSION = YES;
				CLANG_WARN_DIRECT_OBJC_ISA_USAGE = YES_ERROR;
				CLANG_WARN_DOCUMENTATION_COMMENTS = YES;
				CLANG_WARN_EMPTY_BODY = YES;
				CLANG_WARN_ENUM_CONVERSION = YES;
				CLANG_WARN_INFINITE_RECURSION = YES;
				CLANG_WARN_INT_CONVERSION = YES;
				CLANG_WARN_NON_LITERAL_NULL_CONVERSION = YES;
				CLANG_WARN_OBJC_LITERAL_CONVERSION = YES;
				CLANG_WARN_OBJC_ROOT_CLASS = YES_ERROR;
				CLANG_WARN_RANGE_LOOP_ANALYSIS = YES;
				CLANG_WARN_STRICT_PROTOTYPES = YES;
				CLANG_WARN_SUSPICIOUS_MOVE = YES;
				CLANG_WARN_UNGUARDED_AVAILABILITY = YES_AGGRESSIVE;
				CLANG_WARN_UNREACHABLE_CODE = YES;
				CLANG_WARN__DUPLICATE_METHOD_MATCH = YES;
				CODE_SIGN_IDENTITY = "-";
				COPY_PHASE_STRIP = NO;
				DEBUG_INFORMATION_FORMAT = "dwarf-with-dsym";
				ENABLE_NS_ASSERTIONS = NO;
				ENABLE_STRICT_OBJC_MSGSEND = YES;
				GCC_C_LANGUAGE_STANDARD = gnu11;
				GCC_NO_COMMON_BLOCKS = YES;
				GCC_WARN_64_TO_32_BIT_CONVERSION = YES;
				GCC_WARN_ABOUT_RETURN_TYPE = YES_ERROR;
				GCC_WARN_UNDECLARED_SELECTOR = YES;
				GCC_WARN_UNINITIALIZED_AUTOS = YES_AGGRESSIVE;
				GCC_WARN_UNUSED_FUNCTION = YES;
				GCC_WARN_UNUSED_VARIABLE = YES;
				MACOSX_DEPLOYMENT_TARGET = 10.13;
				MTL_ENABLE_DEBUG_INFO = NO;
				SDKROOT = macosx;
			};
			name = Release;
		};
		863A3FB10930EF76BE1870BF /* Release */ = {
			isa = XCBuildConfiguration;
			buildSettings = {
				PRODUCT_NAME = "$(TARGET_NAME)";
			};
			name = Release;
		};
/* End XCBuildConfiguration section */

/* Begin XCConfigurationList section */
		863A381B38FF508F3411C5DD /* Build configuration list for PBXProject "devAndDebug" */ = {
			isa = XCConfigurationList;
			buildConfigurations = (
				863A3789DC7141413A611662 /* Debug */,
				863A3E4536F7BD8537ED01DD /* Release */,
			);
			defaultConfigurationIsVisible = 0;
			defaultConfigurationName = Release;
		};
		863A391DFFCB6FD6D6E2DBA3 /* Build configuration list for PBXNativeTarget "devAndDebug" */ = {
			isa = XCConfigurationList;
			buildConfigurations = (
				863A342329CB80CB40D95EE9 /* Debug */,
				863A3FB10930EF76BE1870BF /* Release */,
			);
			defaultConfigurationIsVisible = 0;
			defaultConfigurationName = Release;
		};
/* End XCConfigurationList section */
	};
	rootObject = 863A31138CA9E545E14A2860 /* Project object */;
}
