<?xml version="1.0" encoding="UTF-8"?>
<Scheme
   version = "1.3">
   <BuildAction>
      <BuildActionEntries>
         <BuildActionEntry
            buildForRunning = "YES">
            <BuildableReference
               BuildableIdentifier = "primary"
               BlueprintIdentifier = "863A39532DEDA1FBD8AEBDCD"
               BuildableName = "devAndDebug"
               BlueprintName = "devAndDebug"
               ReferencedContainer = "container:devAndDebug.xcodeproj">
            </BuildableReference>
         </BuildActionEntry>
      </BuildActionEntries>
   </BuildAction>
   <LaunchAction
      useCustomWorkingDirectory = "NO"
      buildConfiguration = "Debug">
      <BuildableProductRunnable>
         <BuildableReference
            BuildableIdentifier = "primary"
            BlueprintIdentifier = "863A39532DEDA1FBD8AEBDCD"
            BuildableName = "devAndDebug"
            BlueprintName = "devAndDebug"
            ReferencedContainer = "container:devAndDebug.xcodeproj">
         </BuildableReference>
      </BuildableProductRunnable>
   </LaunchAction>
</Scheme>
